
Microsoft Visual Studio Solution File, Format Version 12.00
# Visual Studio 2012
Project("{FAE04EC0-301F-11D3-BF4B-00C04F79EFBC}") = "SearchAlgorithms", "SearchAlgorithms\SearchAlgorithms.csproj", "{460328CB-56C0-412D-94A9-F4A401ECB77F}"
EndProject
Project("{FAE04EC0-301F-11D3-BF4B-00C04F79EFBC}") = "BitRotation", "BitRotation\BitRotation.csproj", "{12056FF3-E425-4A26-ACBD-5A9B87C2AA8C}"
EndProject
Global
	GlobalSection(SolutionConfigurationPlatforms) = preSolution
		Debug|Any CPU = Debug|Any CPU
		Release|Any CPU = Release|Any CPU
	EndGlobalSection
	GlobalSection(ProjectConfigurationPlatforms) = postSolution
		{460328CB-56C0-412D-94A9-F4A401ECB77F}.Debug|Any CPU.ActiveCfg = Debug|Any CPU
		{460328CB-56C0-412D-94A9-F4A401ECB77F}.Debug|Any CPU.Build.0 = Debug|Any CPU
		{460328CB-56C0-412D-94A9-F4A401ECB77F}.Release|Any CPU.ActiveCfg = Release|Any CPU
		{460328CB-56C0-412D-94A9-F4A401ECB77F}.Release|Any CPU.Build.0 = Release|Any CPU
		{12056FF3-E425-4A26-ACBD-5A9B87C2AA8C}.Debug|Any CPU.ActiveCfg = Debug|Any CPU
		{12056FF3-E425-4A26-ACBD-5A9B87C2AA8C}.Debug|Any CPU.Build.0 = Debug|Any CPU
		{12056FF3-E425-4A26-ACBD-5A9B87C2AA8C}.Release|Any CPU.ActiveCfg = Release|Any CPU
		{12056FF3-E425-4A26-ACBD-5A9B87C2AA8C}.Release|Any CPU.Build.0 = Release|Any CPU
	EndGlobalSection
	GlobalSection(SolutionProperties) = preSolution
		HideSolutionNode = FALSE
	EndGlobalSection
EndGlobal
